
Microsoft Visual Studio Solution File, Format Version 12.00
# Visual Studio Version 17
VisualStudioVersion = 17.8.34316.72
MinimumVisualStudioVersion = 10.0.40219.1
Project("{FAE04EC0-301F-11D3-BF4B-00C04F79EFBC}") = "c#uygulama", "c#uygulama.csproj", "{686CD6B2-25A8-455A-816C-81E83475C621}"
EndProject
Global
	GlobalSection(SolutionConfigurationPlatforms) = preSolution
		Debug|Any CPU = Debug|Any CPU
		Release|Any CPU = Release|Any CPU
	EndGlobalSection
	GlobalSection(ProjectConfigurationPlatforms) = postSolution
		{686CD6B2-25A8-455A-816C-81E83475C621}.Debug|Any CPU.ActiveCfg = Debug|Any CPU
		{686CD6B2-25A8-455A-816C-81E83475C621}.Debug|Any CPU.Build.0 = Debug|Any CPU
		{686CD6B2-25A8-455A-816C-81E83475C621}.Release|Any CPU.ActiveCfg = Release|Any CPU
		{686CD6B2-25A8-455A-816C-81E83475C621}.Release|Any CPU.Build.0 = Release|Any CPU
	EndGlobalSection
	GlobalSection(SolutionProperties) = preSolution
		HideSolutionNode = FALSE
	EndGlobalSection
	GlobalSection(ExtensibilityGlobals) = postSolution
		SolutionGuid = {C99CFE4F-53E0-4FD8-89F7-A8B62C7F7EB2}
	EndGlobalSection
EndGlobal
